
Microsoft Visual Studio Solution File, Format Version 12.00
# Visual Studio Version 16
VisualStudioVersion = 16.0.28803.156
MinimumVisualStudioVersion = 10.0.40219.1
Project("{2150E333-8FDC-42A3-9474-1A3956D46DE8}") = "Utilities", "Utilities", "{B882BBD3-344E-4A8B-A50B-A5FB54FFDE95}"
EndProject
Project("{2150E333-8FDC-42A3-9474-1A3956D46DE8}") = "Infrastructure", "Infrastructure", "{18A02ADB-1707-4B1A-A01B-5680C5BB20DF}"
EndProject
Project("{2150E333-8FDC-42A3-9474-1A3956D46DE8}") = "Resources", "Resources", "{6438C9E7-E6C2-4061-8CDC-074F1DA53B21}"
EndProject
Project("{9A19103F-16F7-4668-BE54-9A1E7A4F7556}") = "Kongrevsky.Utilities.Assembly", "Utilities\Utilities.Assembly\Kongrevsky.Utilities.Assembly.csproj", "{AF8988B7-AB8B-434B-9DB1-BFD0FDAEBC6F}"
EndProject
Project("{9A19103F-16F7-4668-BE54-9A1E7A4F7556}") = "Kongrevsky.Utilities.Cryptography", "Utilities\Utilities.Cryptography\Kongrevsky.Utilities.Cryptography.csproj", "{BDE56298-C008-443A-BF57-8261E3862586}"
EndProject
Project("{9A19103F-16F7-4668-BE54-9A1E7A4F7556}") = "Kongrevsky.Utilities.DateTime", "Utilities\Utilities.DateTime\Kongrevsky.Utilities.DateTime.csproj", "{BE378087-374E-4030-8286-7B2C8B817211}"
EndProject
Project("{9A19103F-16F7-4668-BE54-9A1E7A4F7556}") = "Kongrevsky.Utilities.EF6", "Utilities\Utilities.EF6\Kongrevsky.Utilities.EF6.csproj", "{375833AD-E12B-4A2A-961C-2AC5F5B6ED63}"
EndProject
Project("{9A19103F-16F7-4668-BE54-9A1E7A4F7556}") = "Kongrevsky.Utilities.Enum", "Utilities\Utilities.Enum\Kongrevsky.Utilities.Enum.csproj", "{81CB4578-052D-411B-98A3-CB4CEF8ADE42}"
EndProject
Project("{9A19103F-16F7-4668-BE54-9A1E7A4F7556}") = "Kongrevsky.Utilities.Enumerable", "Utilities\Utilities.Enumerable\Kongrevsky.Utilities.Enumerable.csproj", "{918CC7FD-72B3-409D-901D-5AE16CB79BD2}"
EndProject
Project("{9A19103F-16F7-4668-BE54-9A1E7A4F7556}") = "Kongrevsky.Utilities.Expression", "Utilities\Utilities.Expression\Kongrevsky.Utilities.Expression.csproj", "{14A054E7-D52F-4F5F-85DF-E6B2F6A70E9D}"
EndProject
Project("{9A19103F-16F7-4668-BE54-9A1E7A4F7556}") = "Kongrevsky.Utilities.File", "Utilities\Utilities.File\Kongrevsky.Utilities.File.csproj", "{D5444901-5620-47A9-A496-A6DD331781C7}"
EndProject
Project("{9A19103F-16F7-4668-BE54-9A1E7A4F7556}") = "Kongrevsky.Utilities.Image", "Utilities\Utilities.Image\Kongrevsky.Utilities.Image.csproj", "{07299556-24EB-467B-AD70-CD19ED7F7201}"
EndProject
Project("{9A19103F-16F7-4668-BE54-9A1E7A4F7556}") = "Kongrevsky.Utilities.Math", "Utilities\Utilities.Math\Kongrevsky.Utilities.Math.csproj", "{C07E3ECC-BED9-4F2C-AF66-62C1C8440835}"
EndProject
Project("{9A19103F-16F7-4668-BE54-9A1E7A4F7556}") = "Kongrevsky.Utilities.Object", "Utilities\Utilities.Object\Kongrevsky.Utilities.Object.csproj", "{CDDDF90E-B5EC-4B42-93CB-E99518F817C7}"
EndProject
Project("{9A19103F-16F7-4668-BE54-9A1E7A4F7556}") = "Kongrevsky.Utilities.Reflection", "Utilities\Utilities.Reflection\Kongrevsky.Utilities.Reflection.csproj", "{30B6831D-0470-4F9F-8D11-339079D8BD91}"
EndProject
Project("{9A19103F-16F7-4668-BE54-9A1E7A4F7556}") = "Kongrevsky.Utilities.Stream", "Utilities\Utilities.Stream\Kongrevsky.Utilities.Stream.csproj", "{1805B144-52C9-41AC-8A7B-A9FB921C89BE}"
EndProject
Project("{9A19103F-16F7-4668-BE54-9A1E7A4F7556}") = "Kongrevsky.Utilities.String", "Utilities\Utilities.String\Kongrevsky.Utilities.String.csproj", "{D4147482-EE79-4F4F-BF6A-D96191907B17}"
EndProject
Project("{9A19103F-16F7-4668-BE54-9A1E7A4F7556}") = "Kongrevsky.Utilities.Web", "Utilities\Utilities.Web\Kongrevsky.Utilities.Web.csproj", "{4DDE6D81-B42D-41CE-8483-B62E37856AFE}"
EndProject
Project("{9A19103F-16F7-4668-BE54-9A1E7A4F7556}") = "Kongrevsky.Resources.Location", "Resources\Resources.Location\Kongrevsky.Resources.Location.csproj", "{1B8B9CD1-E434-4022-ACB7-CA6634A5500B}"
EndProject
Project("{9A19103F-16F7-4668-BE54-9A1E7A4F7556}") = "Kongrevsky.Infrastructure.Models", "Infrastructure\Infrastructure.Models\Kongrevsky.Infrastructure.Models.csproj", "{F0AF48A9-072B-4AB3-82AF-126A6FABF35C}"
EndProject
Project("{9A19103F-16F7-4668-BE54-9A1E7A4F7556}") = "Kongrevsky.Infrastructure.Repository", "Infrastructure\Infrastructure.Repository\Kongrevsky.Infrastructure.Repository.csproj", "{BE78AD3C-8D3D-4AC6-9E53-33C7A0B9172A}"
EndProject
Project("{9A19103F-16F7-4668-BE54-9A1E7A4F7556}") = "Kongrevsky.Utilities.Common", "Utilities\Utilities.Common\Kongrevsky.Utilities.Common.csproj", "{ECF036CB-5D67-440D-8EC4-D288472AD0B2}"
EndProject
Project("{9A19103F-16F7-4668-BE54-9A1E7A4F7556}") = "Kongrevsky.Utilities.Smtp", "Utilities\Utilities.Smtp\Kongrevsky.Utilities.Smtp.csproj", "{2EE0D202-AEC0-4C3F-8053-B4DFDFB20656}"
EndProject
Project("{9A19103F-16F7-4668-BE54-9A1E7A4F7556}") = "Kongrevsky.Infrastructure.ActiveDirectoryManager", "Infrastructure\Infrastructure.ActiveDirectoryManager\Kongrevsky.Infrastructure.ActiveDirectoryManager.csproj", "{5AF3C4FC-E048-42DA-8786-CA9D8547A4CF}"
EndProject
Project("{9A19103F-16F7-4668-BE54-9A1E7A4F7556}") = "Kongrevsky.Infrastructure.CacheManager", "Infrastructure\Infrastructure.CacheManager\Kongrevsky.Infrastructure.CacheManager.csproj", "{9C3AF277-7AEE-49E0-8D3B-56831DC1E4A7}"
EndProject
Project("{9A19103F-16F7-4668-BE54-9A1E7A4F7556}") = "Kongrevsky.Infrastructure.FileManager", "Infrastructure\Infrastructure.FileManager\Kongrevsky.Infrastructure.FileManager.csproj", "{013870B0-6F1C-4416-954A-763484F83AC2}"
EndProject
Project("{9A19103F-16F7-4668-BE54-9A1E7A4F7556}") = "Kongrevsky.Infrastructure.Web", "Infrastructure\Kongrevsky.Infrastructure.Web\Kongrevsky.Infrastructure.Web.csproj", "{F3D07AB2-C797-4016-AD19-129748A36B42}"
EndProject
Project("{2150E333-8FDC-42A3-9474-1A3956D46DE8}") = "Tests", "Tests", "{3FD16F33-A9EB-40C9-8C38-B073370FC1E4}"
EndProject
Project("{9A19103F-16F7-4668-BE54-9A1E7A4F7556}") = "Kongrevsky.Utilities.Tests", "Tests\Kongrevsky.Utilities.Tests\Kongrevsky.Utilities.Tests.csproj", "{59248785-42CC-477A-9476-5A26DD0AF0B8}"
EndProject
Project("{9A19103F-16F7-4668-BE54-9A1E7A4F7556}") = "Kongrevsky.Infrastructure.Web.LetsEncrypt", "Infrastructure\Kongrevsky.Infrastructure.Web.LetsEncrypt\Kongrevsky.Infrastructure.Web.LetsEncrypt.csproj", "{3E20BDE4-225A-4F75-B73A-E4CCCDE6A704}"
EndProject
Project("{9A19103F-16F7-4668-BE54-9A1E7A4F7556}") = "Kongrevsky.Infrastructure.Impersonator", "Infrastructure\Kongrevsky.Infrastructure.Impersonator\Kongrevsky.Infrastructure.Impersonator.csproj", "{7FE9843B-E5C3-4568-93AD-0F6569B39C94}"
EndProject
Project("{9A19103F-16F7-4668-BE54-9A1E7A4F7556}") = "Kongrevsky.Infrastructure.FileManager.DependencyInjection", "Infrastructure\Kongrevsky.Infrastructure.FileManager.DependencyInjection\Kongrevsky.Infrastructure.FileManager.DependencyInjection.csproj", "{E7033A8F-A547-4528-B0D4-AD16ABA43CB4}"
EndProject
Project("{9A19103F-16F7-4668-BE54-9A1E7A4F7556}") = "Kongrevsky.Infrastructure.Web.Repository", "Infrastructure\Kongrevsky.Infrastructure.Web.Repository\Kongrevsky.Infrastructure.Web.Repository.csproj", "{DC18B624-3C7B-4062-ABDC-2EDC898FF2B6}"
EndProject
Project("{9A19103F-16F7-4668-BE54-9A1E7A4F7556}") = "Kongrevsky.Infrastructure.Web.ActionLogger", "Infrastructure\Kongrevsky.Infrastructure.Web.ActionLogger\Kongrevsky.Infrastructure.Web.ActionLogger.csproj", "{C898ECDC-8EA5-41E9-A82D-1EA562EFEE4D}"
EndProject
Project("{9A19103F-16F7-4668-BE54-9A1E7A4F7556}") = "Kongrevsky.Utilities.Json", "Utilities\Utilities.Json\Kongrevsky.Utilities.Json.csproj", "{164F86D9-261F-4432-8BF7-AB90AFC346F4}"
EndProject
Project("{9A19103F-16F7-4668-BE54-9A1E7A4F7556}") = "Kongrevsky.Infrastructure.DistributedCacheManager", "Infrastructure\Infrastructure.DistributedCacheManager\Kongrevsky.Infrastructure.DistributedCacheManager.csproj", "{47F95021-4BC9-46B8-985A-6E6F2A7281A6}"
EndProject
Project("{9A19103F-16F7-4668-BE54-9A1E7A4F7556}") = "Kongrevsky.Infrastructure.Web.Swagger", "Infrastructure\Kongrevsky.Infrastructure.Web.Swagger\Kongrevsky.Infrastructure.Web.Swagger.csproj", "{0E438D53-6118-408D-8DA2-AAE5E2FEEE8E}"
EndProject
Project("{9A19103F-16F7-4668-BE54-9A1E7A4F7556}") = "Kongrevsky.Infrastructure.LogManager", "Infrastructure\Kongrevsky.Infrastructure.LogManager\Kongrevsky.Infrastructure.LogManager.csproj", "{57AEEA78-3202-4CDE-B648-AEE7B795BD26}"
EndProject
Project("{9A19103F-16F7-4668-BE54-9A1E7A4F7556}") = "Kongrevsky.Infrastructure.HelpManager", "Infrastructure\Kongrevsky.Infrastructure.HelpManager\Kongrevsky.Infrastructure.HelpManager.csproj", "{3559E9D7-476B-4572-9E7C-65D476373587}"
EndProject
Project("{2150E333-8FDC-42A3-9474-1A3956D46DE8}") = "HtmlRenderer", "HtmlRenderer", "{0FF42E4B-926B-478B-9BAD-4B83A99712C3}"
EndProject
Project("{FAE04EC0-301F-11D3-BF4B-00C04F79EFBC}") = "HtmlRenderer.Core", "Infrastructure\HtmlRenderer\HtmlRenderer.Core\HtmlRenderer.Core.csproj", "{A2FBE95A-B662-4F3A-AD4C-2E29D160C43F}"
EndProject
Project("{FAE04EC0-301F-11D3-BF4B-00C04F79EFBC}") = "HtmlRenderer.PdfSharp", "Infrastructure\HtmlRenderer\HtmlRenderer.PdfSharp\HtmlRenderer.PdfSharp.csproj", "{A3F0F03E-20F9-4CB5-9C4C-ADA5C6DAD8AF}"
EndProject
Global
	GlobalSection(SolutionConfigurationPlatforms) = preSolution
		Debug|Any CPU = Debug|Any CPU
		Release|Any CPU = Release|Any CPU
	EndGlobalSection
	GlobalSection(ProjectConfigurationPlatforms) = postSolution
		{AF8988B7-AB8B-434B-9DB1-BFD0FDAEBC6F}.Debug|Any CPU.ActiveCfg = Debug|Any CPU
		{AF8988B7-AB8B-434B-9DB1-BFD0FDAEBC6F}.Debug|Any CPU.Build.0 = Debug|Any CPU
		{AF8988B7-AB8B-434B-9DB1-BFD0FDAEBC6F}.Release|Any CPU.ActiveCfg = Release|Any CPU
		{AF8988B7-AB8B-434B-9DB1-BFD0FDAEBC6F}.Release|Any CPU.Build.0 = Release|Any CPU
		{BDE56298-C008-443A-BF57-8261E3862586}.Debug|Any CPU.ActiveCfg = Debug|Any CPU
		{BDE56298-C008-443A-BF57-8261E3862586}.Debug|Any CPU.Build.0 = Debug|Any CPU
		{BDE56298-C008-443A-BF57-8261E3862586}.Release|Any CPU.ActiveCfg = Release|Any CPU
		{BDE56298-C008-443A-BF57-8261E3862586}.Release|Any CPU.Build.0 = Release|Any CPU
		{BE378087-374E-4030-8286-7B2C8B817211}.Debug|Any CPU.ActiveCfg = Debug|Any CPU
		{BE378087-374E-4030-8286-7B2C8B817211}.Debug|Any CPU.Build.0 = Debug|Any CPU
		{BE378087-374E-4030-8286-7B2C8B817211}.Release|Any CPU.ActiveCfg = Release|Any CPU
		{BE378087-374E-4030-8286-7B2C8B817211}.Release|Any CPU.Build.0 = Release|Any CPU
		{375833AD-E12B-4A2A-961C-2AC5F5B6ED63}.Debug|Any CPU.ActiveCfg = Debug|Any CPU
		{375833AD-E12B-4A2A-961C-2AC5F5B6ED63}.Debug|Any CPU.Build.0 = Debug|Any CPU
		{375833AD-E12B-4A2A-961C-2AC5F5B6ED63}.Release|Any CPU.ActiveCfg = Release|Any CPU
		{375833AD-E12B-4A2A-961C-2AC5F5B6ED63}.Release|Any CPU.Build.0 = Release|Any CPU
		{81CB4578-052D-411B-98A3-CB4CEF8ADE42}.Debug|Any CPU.ActiveCfg = Debug|Any CPU
		{81CB4578-052D-411B-98A3-CB4CEF8ADE42}.Debug|Any CPU.Build.0 = Debug|Any CPU
		{81CB4578-052D-411B-98A3-CB4CEF8ADE42}.Release|Any CPU.ActiveCfg = Release|Any CPU
		{81CB4578-052D-411B-98A3-CB4CEF8ADE42}.Release|Any CPU.Build.0 = Release|Any CPU
		{918CC7FD-72B3-409D-901D-5AE16CB79BD2}.Debug|Any CPU.ActiveCfg = Debug|Any CPU
		{918CC7FD-72B3-409D-901D-5AE16CB79BD2}.Debug|Any CPU.Build.0 = Debug|Any CPU
		{918CC7FD-72B3-409D-901D-5AE16CB79BD2}.Release|Any CPU.ActiveCfg = Release|Any CPU
		{918CC7FD-72B3-409D-901D-5AE16CB79BD2}.Release|Any CPU.Build.0 = Release|Any CPU
		{14A054E7-D52F-4F5F-85DF-E6B2F6A70E9D}.Debug|Any CPU.ActiveCfg = Debug|Any CPU
		{14A054E7-D52F-4F5F-85DF-E6B2F6A70E9D}.Debug|Any CPU.Build.0 = Debug|Any CPU
		{14A054E7-D52F-4F5F-85DF-E6B2F6A70E9D}.Release|Any CPU.ActiveCfg = Release|Any CPU
		{14A054E7-D52F-4F5F-85DF-E6B2F6A70E9D}.Release|Any CPU.Build.0 = Release|Any CPU
		{D5444901-5620-47A9-A496-A6DD331781C7}.Debug|Any CPU.ActiveCfg = Debug|Any CPU
		{D5444901-5620-47A9-A496-A6DD331781C7}.Debug|Any CPU.Build.0 = Debug|Any CPU
		{D5444901-5620-47A9-A496-A6DD331781C7}.Release|Any CPU.ActiveCfg = Release|Any CPU
		{D5444901-5620-47A9-A496-A6DD331781C7}.Release|Any CPU.Build.0 = Release|Any CPU
		{07299556-24EB-467B-AD70-CD19ED7F7201}.Debug|Any CPU.ActiveCfg = Debug|Any CPU
		{07299556-24EB-467B-AD70-CD19ED7F7201}.Debug|Any CPU.Build.0 = Debug|Any CPU
		{07299556-24EB-467B-AD70-CD19ED7F7201}.Release|Any CPU.ActiveCfg = Release|Any CPU
		{07299556-24EB-467B-AD70-CD19ED7F7201}.Release|Any CPU.Build.0 = Release|Any CPU
		{C07E3ECC-BED9-4F2C-AF66-62C1C8440835}.Debug|Any CPU.ActiveCfg = Debug|Any CPU
		{C07E3ECC-BED9-4F2C-AF66-62C1C8440835}.Debug|Any CPU.Build.0 = Debug|Any CPU
		{C07E3ECC-BED9-4F2C-AF66-62C1C8440835}.Release|Any CPU.ActiveCfg = Release|Any CPU
		{C07E3ECC-BED9-4F2C-AF66-62C1C8440835}.Release|Any CPU.Build.0 = Release|Any CPU
		{CDDDF90E-B5EC-4B42-93CB-E99518F817C7}.Debug|Any CPU.ActiveCfg = Debug|Any CPU
		{CDDDF90E-B5EC-4B42-93CB-E99518F817C7}.Debug|Any CPU.Build.0 = Debug|Any CPU
		{CDDDF90E-B5EC-4B42-93CB-E99518F817C7}.Release|Any CPU.ActiveCfg = Release|Any CPU
		{CDDDF90E-B5EC-4B42-93CB-E99518F817C7}.Release|Any CPU.Build.0 = Release|Any CPU
		{30B6831D-0470-4F9F-8D11-339079D8BD91}.Debug|Any CPU.ActiveCfg = Debug|Any CPU
		{30B6831D-0470-4F9F-8D11-339079D8BD91}.Debug|Any CPU.Build.0 = Debug|Any CPU
		{30B6831D-0470-4F9F-8D11-339079D8BD91}.Release|Any CPU.ActiveCfg = Release|Any CPU
		{30B6831D-0470-4F9F-8D11-339079D8BD91}.Release|Any CPU.Build.0 = Release|Any CPU
		{1805B144-52C9-41AC-8A7B-A9FB921C89BE}.Debug|Any CPU.ActiveCfg = Debug|Any CPU
		{1805B144-52C9-41AC-8A7B-A9FB921C89BE}.Debug|Any CPU.Build.0 = Debug|Any CPU
		{1805B144-52C9-41AC-8A7B-A9FB921C89BE}.Release|Any CPU.ActiveCfg = Release|Any CPU
		{1805B144-52C9-41AC-8A7B-A9FB921C89BE}.Release|Any CPU.Build.0 = Release|Any CPU
		{D4147482-EE79-4F4F-BF6A-D96191907B17}.Debug|Any CPU.ActiveCfg = Debug|Any CPU
		{D4147482-EE79-4F4F-BF6A-D96191907B17}.Debug|Any CPU.Build.0 = Debug|Any CPU
		{D4147482-EE79-4F4F-BF6A-D96191907B17}.Release|Any CPU.ActiveCfg = Release|Any CPU
		{D4147482-EE79-4F4F-BF6A-D96191907B17}.Release|Any CPU.Build.0 = Release|Any CPU
		{4DDE6D81-B42D-41CE-8483-B62E37856AFE}.Debug|Any CPU.ActiveCfg = Debug|Any CPU
		{4DDE6D81-B42D-41CE-8483-B62E37856AFE}.Debug|Any CPU.Build.0 = Debug|Any CPU
		{4DDE6D81-B42D-41CE-8483-B62E37856AFE}.Release|Any CPU.ActiveCfg = Release|Any CPU
		{4DDE6D81-B42D-41CE-8483-B62E37856AFE}.Release|Any CPU.Build.0 = Release|Any CPU
		{1B8B9CD1-E434-4022-ACB7-CA6634A5500B}.Debug|Any CPU.ActiveCfg = Debug|Any CPU
		{1B8B9CD1-E434-4022-ACB7-CA6634A5500B}.Debug|Any CPU.Build.0 = Debug|Any CPU
		{1B8B9CD1-E434-4022-ACB7-CA6634A5500B}.Release|Any CPU.ActiveCfg = Release|Any CPU
		{1B8B9CD1-E434-4022-ACB7-CA6634A5500B}.Release|Any CPU.Build.0 = Release|Any CPU
		{F0AF48A9-072B-4AB3-82AF-126A6FABF35C}.Debug|Any CPU.ActiveCfg = Debug|Any CPU
		{F0AF48A9-072B-4AB3-82AF-126A6FABF35C}.Debug|Any CPU.Build.0 = Debug|Any CPU
		{F0AF48A9-072B-4AB3-82AF-126A6FABF35C}.Release|Any CPU.ActiveCfg = Release|Any CPU
		{F0AF48A9-072B-4AB3-82AF-126A6FABF35C}.Release|Any CPU.Build.0 = Release|Any CPU
		{BE78AD3C-8D3D-4AC6-9E53-33C7A0B9172A}.Debug|Any CPU.ActiveCfg = Debug|Any CPU
		{BE78AD3C-8D3D-4AC6-9E53-33C7A0B9172A}.Debug|Any CPU.Build.0 = Debug|Any CPU
		{BE78AD3C-8D3D-4AC6-9E53-33C7A0B9172A}.Release|Any CPU.ActiveCfg = Release|Any CPU
		{BE78AD3C-8D3D-4AC6-9E53-33C7A0B9172A}.Release|Any CPU.Build.0 = Release|Any CPU
		{ECF036CB-5D67-440D-8EC4-D288472AD0B2}.Debug|Any CPU.ActiveCfg = Debug|Any CPU
		{ECF036CB-5D67-440D-8EC4-D288472AD0B2}.Debug|Any CPU.Build.0 = Debug|Any CPU
		{ECF036CB-5D67-440D-8EC4-D288472AD0B2}.Release|Any CPU.ActiveCfg = Release|Any CPU
		{ECF036CB-5D67-440D-8EC4-D288472AD0B2}.Release|Any CPU.Build.0 = Release|Any CPU
		{2EE0D202-AEC0-4C3F-8053-B4DFDFB20656}.Debug|Any CPU.ActiveCfg = Debug|Any CPU
		{2EE0D202-AEC0-4C3F-8053-B4DFDFB20656}.Debug|Any CPU.Build.0 = Debug|Any CPU
		{2EE0D202-AEC0-4C3F-8053-B4DFDFB20656}.Release|Any CPU.ActiveCfg = Release|Any CPU
		{2EE0D202-AEC0-4C3F-8053-B4DFDFB20656}.Release|Any CPU.Build.0 = Release|Any CPU
		{5AF3C4FC-E048-42DA-8786-CA9D8547A4CF}.Debug|Any CPU.ActiveCfg = Debug|Any CPU
		{5AF3C4FC-E048-42DA-8786-CA9D8547A4CF}.Debug|Any CPU.Build.0 = Debug|Any CPU
		{5AF3C4FC-E048-42DA-8786-CA9D8547A4CF}.Release|Any CPU.ActiveCfg = Release|Any CPU
		{5AF3C4FC-E048-42DA-8786-CA9D8547A4CF}.Release|Any CPU.Build.0 = Release|Any CPU
		{9C3AF277-7AEE-49E0-8D3B-56831DC1E4A7}.Debug|Any CPU.ActiveCfg = Debug|Any CPU
		{9C3AF277-7AEE-49E0-8D3B-56831DC1E4A7}.Debug|Any CPU.Build.0 = Debug|Any CPU
		{9C3AF277-7AEE-49E0-8D3B-56831DC1E4A7}.Release|Any CPU.ActiveCfg = Release|Any CPU
		{9C3AF277-7AEE-49E0-8D3B-56831DC1E4A7}.Release|Any CPU.Build.0 = Release|Any CPU
		{013870B0-6F1C-4416-954A-763484F83AC2}.Debug|Any CPU.ActiveCfg = Debug|Any CPU
		{013870B0-6F1C-4416-954A-763484F83AC2}.Debug|Any CPU.Build.0 = Debug|Any CPU
		{013870B0-6F1C-4416-954A-763484F83AC2}.Release|Any CPU.ActiveCfg = Release|Any CPU
		{013870B0-6F1C-4416-954A-763484F83AC2}.Release|Any CPU.Build.0 = Release|Any CPU
		{F3D07AB2-C797-4016-AD19-129748A36B42}.Debug|Any CPU.ActiveCfg = Debug|Any CPU
		{F3D07AB2-C797-4016-AD19-129748A36B42}.Debug|Any CPU.Build.0 = Debug|Any CPU
		{F3D07AB2-C797-4016-AD19-129748A36B42}.Release|Any CPU.ActiveCfg = Release|Any CPU
		{F3D07AB2-C797-4016-AD19-129748A36B42}.Release|Any CPU.Build.0 = Release|Any CPU
		{59248785-42CC-477A-9476-5A26DD0AF0B8}.Debug|Any CPU.ActiveCfg = Debug|Any CPU
		{59248785-42CC-477A-9476-5A26DD0AF0B8}.Debug|Any CPU.Build.0 = Debug|Any CPU
		{59248785-42CC-477A-9476-5A26DD0AF0B8}.Release|Any CPU.ActiveCfg = Release|Any CPU
		{59248785-42CC-477A-9476-5A26DD0AF0B8}.Release|Any CPU.Build.0 = Release|Any CPU
		{3E20BDE4-225A-4F75-B73A-E4CCCDE6A704}.Debug|Any CPU.ActiveCfg = Debug|Any CPU
		{3E20BDE4-225A-4F75-B73A-E4CCCDE6A704}.Debug|Any CPU.Build.0 = Debug|Any CPU
		{3E20BDE4-225A-4F75-B73A-E4CCCDE6A704}.Release|Any CPU.ActiveCfg = Release|Any CPU
		{3E20BDE4-225A-4F75-B73A-E4CCCDE6A704}.Release|Any CPU.Build.0 = Release|Any CPU
		{7FE9843B-E5C3-4568-93AD-0F6569B39C94}.Debug|Any CPU.ActiveCfg = Debug|Any CPU
		{7FE9843B-E5C3-4568-93AD-0F6569B39C94}.Debug|Any CPU.Build.0 = Debug|Any CPU
		{7FE9843B-E5C3-4568-93AD-0F6569B39C94}.Release|Any CPU.ActiveCfg = Release|Any CPU
		{7FE9843B-E5C3-4568-93AD-0F6569B39C94}.Release|Any CPU.Build.0 = Release|Any CPU
		{E7033A8F-A547-4528-B0D4-AD16ABA43CB4}.Debug|Any CPU.ActiveCfg = Debug|Any CPU
		{E7033A8F-A547-4528-B0D4-AD16ABA43CB4}.Debug|Any CPU.Build.0 = Debug|Any CPU
		{E7033A8F-A547-4528-B0D4-AD16ABA43CB4}.Release|Any CPU.ActiveCfg = Release|Any CPU
		{E7033A8F-A547-4528-B0D4-AD16ABA43CB4}.Release|Any CPU.Build.0 = Release|Any CPU
		{DC18B624-3C7B-4062-ABDC-2EDC898FF2B6}.Debug|Any CPU.ActiveCfg = Debug|Any CPU
		{DC18B624-3C7B-4062-ABDC-2EDC898FF2B6}.Debug|Any CPU.Build.0 = Debug|Any CPU
		{DC18B624-3C7B-4062-ABDC-2EDC898FF2B6}.Release|Any CPU.ActiveCfg = Release|Any CPU
		{DC18B624-3C7B-4062-ABDC-2EDC898FF2B6}.Release|Any CPU.Build.0 = Release|Any CPU
		{C898ECDC-8EA5-41E9-A82D-1EA562EFEE4D}.Debug|Any CPU.ActiveCfg = Debug|Any CPU
		{C898ECDC-8EA5-41E9-A82D-1EA562EFEE4D}.Debug|Any CPU.Build.0 = Debug|Any CPU
		{C898ECDC-8EA5-41E9-A82D-1EA562EFEE4D}.Release|Any CPU.ActiveCfg = Release|Any CPU
		{C898ECDC-8EA5-41E9-A82D-1EA562EFEE4D}.Release|Any CPU.Build.0 = Release|Any CPU
		{164F86D9-261F-4432-8BF7-AB90AFC346F4}.Debug|Any CPU.ActiveCfg = Debug|Any CPU
		{164F86D9-261F-4432-8BF7-AB90AFC346F4}.Debug|Any CPU.Build.0 = Debug|Any CPU
		{164F86D9-261F-4432-8BF7-AB90AFC346F4}.Release|Any CPU.ActiveCfg = Release|Any CPU
		{164F86D9-261F-4432-8BF7-AB90AFC346F4}.Release|Any CPU.Build.0 = Release|Any CPU
		{47F95021-4BC9-46B8-985A-6E6F2A7281A6}.Debug|Any CPU.ActiveCfg = Debug|Any CPU
		{47F95021-4BC9-46B8-985A-6E6F2A7281A6}.Debug|Any CPU.Build.0 = Debug|Any CPU
		{47F95021-4BC9-46B8-985A-6E6F2A7281A6}.Release|Any CPU.ActiveCfg = Release|Any CPU
		{47F95021-4BC9-46B8-985A-6E6F2A7281A6}.Release|Any CPU.Build.0 = Release|Any CPU
		{0E438D53-6118-408D-8DA2-AAE5E2FEEE8E}.Debug|Any CPU.ActiveCfg = Debug|Any CPU
		{0E438D53-6118-408D-8DA2-AAE5E2FEEE8E}.Debug|Any CPU.Build.0 = Debug|Any CPU
		{0E438D53-6118-408D-8DA2-AAE5E2FEEE8E}.Release|Any CPU.ActiveCfg = Release|Any CPU
		{0E438D53-6118-408D-8DA2-AAE5E2FEEE8E}.Release|Any CPU.Build.0 = Release|Any CPU
		{57AEEA78-3202-4CDE-B648-AEE7B795BD26}.Debug|Any CPU.ActiveCfg = Debug|Any CPU
		{57AEEA78-3202-4CDE-B648-AEE7B795BD26}.Debug|Any CPU.Build.0 = Debug|Any CPU
		{57AEEA78-3202-4CDE-B648-AEE7B795BD26}.Release|Any CPU.ActiveCfg = Release|Any CPU
		{57AEEA78-3202-4CDE-B648-AEE7B795BD26}.Release|Any CPU.Build.0 = Release|Any CPU
		{3559E9D7-476B-4572-9E7C-65D476373587}.Debug|Any CPU.ActiveCfg = Debug|Any CPU
		{3559E9D7-476B-4572-9E7C-65D476373587}.Debug|Any CPU.Build.0 = Debug|Any CPU
		{3559E9D7-476B-4572-9E7C-65D476373587}.Release|Any CPU.ActiveCfg = Release|Any CPU
		{3559E9D7-476B-4572-9E7C-65D476373587}.Release|Any CPU.Build.0 = Release|Any CPU
		{A2FBE95A-B662-4F3A-AD4C-2E29D160C43F}.Debug|Any CPU.ActiveCfg = Debug|Any CPU
		{A2FBE95A-B662-4F3A-AD4C-2E29D160C43F}.Debug|Any CPU.Build.0 = Debug|Any CPU
		{A2FBE95A-B662-4F3A-AD4C-2E29D160C43F}.Release|Any CPU.ActiveCfg = Release|Any CPU
		{A2FBE95A-B662-4F3A-AD4C-2E29D160C43F}.Release|Any CPU.Build.0 = Release|Any CPU
		{A3F0F03E-20F9-4CB5-9C4C-ADA5C6DAD8AF}.Debug|Any CPU.ActiveCfg = Debug|Any CPU
		{A3F0F03E-20F9-4CB5-9C4C-ADA5C6DAD8AF}.Debug|Any CPU.Build.0 = Debug|Any CPU
		{A3F0F03E-20F9-4CB5-9C4C-ADA5C6DAD8AF}.Release|Any CPU.ActiveCfg = Release|Any CPU
		{A3F0F03E-20F9-4CB5-9C4C-ADA5C6DAD8AF}.Release|Any CPU.Build.0 = Release|Any CPU
	EndGlobalSection
	GlobalSection(SolutionProperties) = preSolution
		HideSolutionNode = FALSE
	EndGlobalSection
	GlobalSection(NestedProjects) = preSolution
		{AF8988B7-AB8B-434B-9DB1-BFD0FDAEBC6F} = {B882BBD3-344E-4A8B-A50B-A5FB54FFDE95}
		{BDE56298-C008-443A-BF57-8261E3862586} = {B882BBD3-344E-4A8B-A50B-A5FB54FFDE95}
		{BE378087-374E-4030-8286-7B2C8B817211} = {B882BBD3-344E-4A8B-A50B-A5FB54FFDE95}
		{375833AD-E12B-4A2A-961C-2AC5F5B6ED63} = {B882BBD3-344E-4A8B-A50B-A5FB54FFDE95}
		{81CB4578-052D-411B-98A3-CB4CEF8ADE42} = {B882BBD3-344E-4A8B-A50B-A5FB54FFDE95}
		{918CC7FD-72B3-409D-901D-5AE16CB79BD2} = {B882BBD3-344E-4A8B-A50B-A5FB54FFDE95}
		{14A054E7-D52F-4F5F-85DF-E6B2F6A70E9D} = {B882BBD3-344E-4A8B-A50B-A5FB54FFDE95}
		{D5444901-5620-47A9-A496-A6DD331781C7} = {B882BBD3-344E-4A8B-A50B-A5FB54FFDE95}
		{07299556-24EB-467B-AD70-CD19ED7F7201} = {B882BBD3-344E-4A8B-A50B-A5FB54FFDE95}
		{C07E3ECC-BED9-4F2C-AF66-62C1C8440835} = {B882BBD3-344E-4A8B-A50B-A5FB54FFDE95}
		{CDDDF90E-B5EC-4B42-93CB-E99518F817C7} = {B882BBD3-344E-4A8B-A50B-A5FB54FFDE95}
		{30B6831D-0470-4F9F-8D11-339079D8BD91} = {B882BBD3-344E-4A8B-A50B-A5FB54FFDE95}
		{1805B144-52C9-41AC-8A7B-A9FB921C89BE} = {B882BBD3-344E-4A8B-A50B-A5FB54FFDE95}
		{D4147482-EE79-4F4F-BF6A-D96191907B17} = {B882BBD3-344E-4A8B-A50B-A5FB54FFDE95}
		{4DDE6D81-B42D-41CE-8483-B62E37856AFE} = {B882BBD3-344E-4A8B-A50B-A5FB54FFDE95}
		{1B8B9CD1-E434-4022-ACB7-CA6634A5500B} = {6438C9E7-E6C2-4061-8CDC-074F1DA53B21}
		{F0AF48A9-072B-4AB3-82AF-126A6FABF35C} = {18A02ADB-1707-4B1A-A01B-5680C5BB20DF}
		{BE78AD3C-8D3D-4AC6-9E53-33C7A0B9172A} = {18A02ADB-1707-4B1A-A01B-5680C5BB20DF}
		{ECF036CB-5D67-440D-8EC4-D288472AD0B2} = {B882BBD3-344E-4A8B-A50B-A5FB54FFDE95}
		{2EE0D202-AEC0-4C3F-8053-B4DFDFB20656} = {B882BBD3-344E-4A8B-A50B-A5FB54FFDE95}
		{5AF3C4FC-E048-42DA-8786-CA9D8547A4CF} = {18A02ADB-1707-4B1A-A01B-5680C5BB20DF}
		{9C3AF277-7AEE-49E0-8D3B-56831DC1E4A7} = {18A02ADB-1707-4B1A-A01B-5680C5BB20DF}
		{013870B0-6F1C-4416-954A-763484F83AC2} = {18A02ADB-1707-4B1A-A01B-5680C5BB20DF}
		{F3D07AB2-C797-4016-AD19-129748A36B42} = {18A02ADB-1707-4B1A-A01B-5680C5BB20DF}
		{59248785-42CC-477A-9476-5A26DD0AF0B8} = {3FD16F33-A9EB-40C9-8C38-B073370FC1E4}
		{3E20BDE4-225A-4F75-B73A-E4CCCDE6A704} = {18A02ADB-1707-4B1A-A01B-5680C5BB20DF}
		{7FE9843B-E5C3-4568-93AD-0F6569B39C94} = {18A02ADB-1707-4B1A-A01B-5680C5BB20DF}
		{E7033A8F-A547-4528-B0D4-AD16ABA43CB4} = {18A02ADB-1707-4B1A-A01B-5680C5BB20DF}
		{DC18B624-3C7B-4062-ABDC-2EDC898FF2B6} = {18A02ADB-1707-4B1A-A01B-5680C5BB20DF}
		{C898ECDC-8EA5-41E9-A82D-1EA562EFEE4D} = {18A02ADB-1707-4B1A-A01B-5680C5BB20DF}
		{164F86D9-261F-4432-8BF7-AB90AFC346F4} = {B882BBD3-344E-4A8B-A50B-A5FB54FFDE95}
		{47F95021-4BC9-46B8-985A-6E6F2A7281A6} = {18A02ADB-1707-4B1A-A01B-5680C5BB20DF}
		{0E438D53-6118-408D-8DA2-AAE5E2FEEE8E} = {18A02ADB-1707-4B1A-A01B-5680C5BB20DF}
		{57AEEA78-3202-4CDE-B648-AEE7B795BD26} = {18A02ADB-1707-4B1A-A01B-5680C5BB20DF}
		{3559E9D7-476B-4572-9E7C-65D476373587} = {18A02ADB-1707-4B1A-A01B-5680C5BB20DF}
		{0FF42E4B-926B-478B-9BAD-4B83A99712C3} = {18A02ADB-1707-4B1A-A01B-5680C5BB20DF}
		{A2FBE95A-B662-4F3A-AD4C-2E29D160C43F} = {0FF42E4B-926B-478B-9BAD-4B83A99712C3}
		{A3F0F03E-20F9-4CB5-9C4C-ADA5C6DAD8AF} = {0FF42E4B-926B-478B-9BAD-4B83A99712C3}
	EndGlobalSection
	GlobalSection(ExtensibilityGlobals) = postSolution
		SolutionGuid = {D46F8133-0CD3-457B-A289-439722F553A8}
	EndGlobalSection
EndGlobal
